{
  "name": "betting-casinowaifu",
  "version": "1.0.0",
  "lockfileVersion": 3,
  "requires": true,
  "packages": {
    "": {
      "name": "betting-casinowaifu",
      "version": "1.0.0",
      "dependencies": {
        "@pixiv/three-vrm": "^3.3.4",
        "dotenv": "^16.4.7",
        "three": "^0.169.0",
        "ws": "^8.18.0"
      }
    },
    "node_modules/@pixiv/three-vrm": {
      "version": "3.3.4",
      "resolved": "https://registry.npmjs.org/@pixiv/three-vrm/-/three-vrm-3.3.4.tgz",
      "integrity": "sha512-9i4JaVVXvs/FvMfrBDvHiHXejX6w1BsdYPpWKMBFHazHwQN5yFP7vUObKz6UPjivw+QVwIHfbKu+FqQsAMM41Q==",
      "license": "MIT",
      "dependencies": {
        "@pixiv/three-vrm-core": "3.3.4",
        "@pixiv/three-vrm-materials-hdr-emissive-multiplier": "3.3.4",
        "@pixiv/three-vrm-materials-mtoon": "3.3.4",
        "@pixiv/three-vrm-materials-v0compat": "3.3.4",
        "@pixiv/three-vrm-node-constraint": "3.3.4",
        "@pixiv/three-vrm-springbone": "3.3.4"
      },
      "peerDependencies": {
        "three": ">=0.137"
      }
    },
    "node_modules/@pixiv/three-vrm-core": {
      "version": "3.3.4",
      "resolved": "https://registry.npmjs.org/@pixiv/three-vrm-core/-/three-vrm-core-3.3.4.tgz",
      "integrity": "sha512-n+CIGoK91tRDr0j0fqdjRbmV3LTTUztSu7Qqk3FHef8elnZlxPqlfqjvrt17ucgTOstszoYefYlwyL1L+eaRug==",
      "license": "MIT",
      "dependencies": {
        "@pixiv/types-vrm-0.0": "3.3.4",
        "@pixiv/types-vrmc-vrm-1.0": "3.3.4"
      },
      "peerDependencies": {
        "three": ">=0.137"
      }
    },
    "node_modules/@pixiv/three-vrm-materials-hdr-emissive-multiplier": {
      "version": "3.3.4",
      "resolved": "https://registry.npmjs.org/@pixiv/three-vrm-materials-hdr-emissive-multiplier/-/three-vrm-materials-hdr-emissive-multiplier-3.3.4.tgz",
      "integrity": "sha512-IARBJuOdG7DpiHxko3pkcnySQOK5Rat3XpdTfsKj0gEZpgYeLkIG86Tc37l3p7/Si34XRUcs5hgp1z6QCCNi+w==",
      "license": "MIT",
      "dependencies": {
        "@pixiv/types-vrmc-materials-hdr-emissive-multiplier-1.0": "3.3.4"
      },
      "peerDependencies": {
        "three": ">=0.137"
      }
    },
    "node_modules/@pixiv/three-vrm-materials-mtoon": {
      "version": "3.3.4",
      "resolved": "https://registry.npmjs.org/@pixiv/three-vrm-materials-mtoon/-/three-vrm-materials-mtoon-3.3.4.tgz",
      "integrity": "sha512-lSOEkphxpZ8JpcCXSTX1ZCFn1fYSPNUwpMLocsyJUl5WKK7On5Y1mqCMyKeCdx58+1TF/Mh478Pwyp4a5ltKWg==",
      "license": "MIT",
      "dependencies": {
        "@pixiv/types-vrm-0.0": "3.3.4",
        "@pixiv/types-vrmc-materials-mtoon-1.0": "3.3.4"
      },
      "peerDependencies": {
        "three": ">=0.137"
      }
    },
    "node_modules/@pixiv/three-vrm-materials-v0compat": {
      "version": "3.3.4",
      "resolved": "https://registry.npmjs.org/@pixiv/three-vrm-materials-v0compat/-/three-vrm-materials-v0compat-3.3.4.tgz",
      "integrity": "sha512-Sx+J8RivdGnLwtYcdrVSGRzq/f5stNzHpSyE2fRiZOD4iwGCCxHGRniA0JusGNtOVl2K62IRFpGzoy9mSS/yUg==",
      "license": "MIT",
      "dependencies": {
        "@pixiv/types-vrm-0.0": "3.3.4",
        "@pixiv/types-vrmc-materials-mtoon-1.0": "3.3.4"
      },
      "peerDependencies": {
        "three": ">=0.137"
      }
    },
    "node_modules/@pixiv/three-vrm-node-constraint": {
      "version": "3.3.4",
      "resolved": "https://registry.npmjs.org/@pixiv/three-vrm-node-constraint/-/three-vrm-node-constraint-3.3.4.tgz",
      "integrity": "sha512-oMKnWQuGplPSrBPkcVVAYTlnboMHly3SbyfW5ur+2Gzee0svj9Pf/lfWsinzmtElkihsCdrwsTWi8imV9KBoeg==",
      "license": "MIT",
      "dependencies": {
        "@pixiv/types-vrmc-node-constraint-1.0": "3.3.4"
      },
      "peerDependencies": {
        "three": ">=0.137"
      }
    },
    "node_modules/@pixiv/three-vrm-springbone": {
      "version": "3.3.4",
      "resolved": "https://registry.npmjs.org/@pixiv/three-vrm-springbone/-/three-vrm-springbone-3.3.4.tgz",
      "integrity": "sha512-9iQWVcLixsXWmgEsCoLeuKvjuRSM8/rqI1VsCvpeG4ILn/uW3yhqV3B+CPy/2X/f//qv9sRUiFu5YIOTAFFTnA==",
      "license": "MIT",
      "dependencies": {
        "@pixiv/types-vrm-0.0": "3.3.4",
        "@pixiv/types-vrmc-springbone-1.0": "3.3.4",
        "@pixiv/types-vrmc-springbone-extended-collider-1.0": "3.3.4"
      },
      "peerDependencies": {
        "three": ">=0.137"
      }
    },
    "node_modules/@pixiv/types-vrm-0.0": {
      "version": "3.3.4",
      "resolved": "https://registry.npmjs.org/@pixiv/types-vrm-0.0/-/types-vrm-0.0-3.3.4.tgz",
      "integrity": "sha512-/mV5HviKPJitvJSOcVkOuOBJpAvpGDEOP5xUiUNm3JGfBJvf4Z4LI+LhVKizcAXrdk/+b5Zyiidh7fcu25CdRw==",
      "license": "MIT"
    },
    "node_modules/@pixiv/types-vrmc-materials-hdr-emissive-multiplier-1.0": {
      "version": "3.3.4",
      "resolved": "https://registry.npmjs.org/@pixiv/types-vrmc-materials-hdr-emissive-multiplier-1.0/-/types-vrmc-materials-hdr-emissive-multiplier-1.0-3.3.4.tgz",
      "integrity": "sha512-BbTu4O+DFT4/Vr8G0p7cZ1aTN072S5oFZO7cun8xNDh/sL3oLq1yX/NmXgp7ahPnkaGmDAIVtFugZwjHg2k90w==",
      "license": "MIT"
    },
    "node_modules/@pixiv/types-vrmc-materials-mtoon-1.0": {
      "version": "3.3.4",
      "resolved": "https://registry.npmjs.org/@pixiv/types-vrmc-materials-mtoon-1.0/-/types-vrmc-materials-mtoon-1.0-3.3.4.tgz",
      "integrity": "sha512-/gxxeYHBpuj6YEWl3W9bQF0qFVj7kXbSDPIWSfMTrryupIC4SuRIjPvacU3n/cKuRRIngFeTGqFMhG64dilx5g==",
      "license": "MIT"
    },
    "node_modules/@pixiv/types-vrmc-node-constraint-1.0": {
      "version": "3.3.4",
      "resolved": "https://registry.npmjs.org/@pixiv/types-vrmc-node-constraint-1.0/-/types-vrmc-node-constraint-1.0-3.3.4.tgz",
      "integrity": "sha512-+Z/c+VmvaWdKmeKubg41Ovf/Hb+yemPfBCaID/kyQSANW+ZcykiRfP/qC4/6uuUf2IrmdzCa2p8y9pramRtQkw==",
      "license": "MIT"
    },
    "node_modules/@pixiv/types-vrmc-springbone-1.0": {
      "version": "3.3.4",
      "resolved": "https://registry.npmjs.org/@pixiv/types-vrmc-springbone-1.0/-/types-vrmc-springbone-1.0-3.3.4.tgz",
      "integrity": "sha512-tkkcZqS0OxKA90fHLNt9lwunpdmGat/ce8H6n5lrvjpCC6qlCvB4S/BsjSKSV3u5PMmkKYjrrk7dpvoWnMsSLg==",
      "license": "MIT"
    },
    "node_modules/@pixiv/types-vrmc-springbone-extended-collider-1.0": {
      "version": "3.3.4",
      "resolved": "https://registry.npmjs.org/@pixiv/types-vrmc-springbone-extended-collider-1.0/-/types-vrmc-springbone-extended-collider-1.0-3.3.4.tgz",
      "integrity": "sha512-45VuCCCXaZdiDL4Bh0fJuVoDa0amqCoElT+bi9H8IHujoWUQO8Mu65IxhNSLIuWkSKZsJ4UkY1a20K87/cUCkQ==",
      "license": "MIT"
    },
    "node_modules/@pixiv/types-vrmc-vrm-1.0": {
      "version": "3.3.4",
      "resolved": "https://registry.npmjs.org/@pixiv/types-vrmc-vrm-1.0/-/types-vrmc-vrm-1.0-3.3.4.tgz",
      "integrity": "sha512-Pc21xhkyiFg5pOR18OJnUoRt7Ld10kitpMtClechXiMudgbcZl+XSb/zpk0FspZlbyj7LXppPrlEiIHOn0uAHA==",
      "license": "MIT"
    },
    "node_modules/dotenv": {
      "version": "16.6.1",
      "resolved": "https://registry.npmjs.org/dotenv/-/dotenv-16.6.1.tgz",
      "integrity": "sha512-uBq4egWHTcTt33a72vpSG0z3HnPuIl6NqYcTrKEg2azoEyl2hpW0zqlxysq2pK9HlDIHyHyakeYaYnSAwd8bow==",
      "license": "BSD-2-Clause",
      "engines": {
        "node": ">=12"
      },
      "funding": {
        "url": "https://dotenvx.com"
      }
    },
    "node_modules/three": {
      "version": "0.169.0",
      "resolved": "https://registry.npmjs.org/three/-/three-0.169.0.tgz",
      "integrity": "sha512-Ed906MA3dR4TS5riErd4QBsRGPcx+HBDX2O5yYE5GqJeFQTPU+M56Va/f/Oph9X7uZo3W3o4l2ZhBZ6f6qUv0w==",
      "license": "MIT"
    },
    "node_modules/ws": {
      "version": "8.21.0",
      "resolved": "https://registry.npmjs.org/ws/-/ws-8.21.0.tgz",
      "integrity": "sha512-Vsp28b7DRcimFQvrqu2Wek3z1iYxDCWqHYB8Qsnk/S4RfaCQzPGPyBNuVjJV3cd6UiKtUtp6sNM77gWvzcCH+g==",
      "license": "MIT",
      "engines": {
        "node": ">=10.0.0"
      },
      "peerDependencies": {
        "bufferutil": "^4.0.1",
        "utf-8-validate": ">=5.0.2"
      },
      "peerDependenciesMeta": {
        "bufferutil": {
          "optional": true
        },
        "utf-8-validate": {
          "optional": true
        }
      }
    }
  }
}
